
Microsoft Visual Studio Solution File, Format Version 12.00
# Visual Studio Version 17
VisualStudioVersion = 17.10.35027.167
MinimumVisualStudioVersion = 10.0.40219.1
Project("{FAE04EC0-301F-11D3-BF4B-00C04F79EFBC}") = "SzI-szintabla", "SzI-szintabla\SzI-szintabla.csproj", "{1A9CB8D3-3678-49AB-B4FF-83DD94593C16}"
EndProject
Global
	GlobalSection(SolutionConfigurationPlatforms) = preSolution
		Debug|Any CPU = Debug|Any CPU
		Release|Any CPU = Release|Any CPU
	EndGlobalSection
	GlobalSection(ProjectConfigurationPlatforms) = postSolution
		{1A9CB8D3-3678-49AB-B4FF-83DD94593C16}.Debug|Any CPU.ActiveCfg = Debug|Any CPU
		{1A9CB8D3-3678-49AB-B4FF-83DD94593C16}.Debug|Any CPU.Build.0 = Debug|Any CPU
		{1A9CB8D3-3678-49AB-B4FF-83DD94593C16}.Release|Any CPU.ActiveCfg = Release|Any CPU
		{1A9CB8D3-3678-49AB-B4FF-83DD94593C16}.Release|Any CPU.Build.0 = Release|Any CPU
	EndGlobalSection
	GlobalSection(SolutionProperties) = preSolution
		HideSolutionNode = FALSE
	EndGlobalSection
	GlobalSection(ExtensibilityGlobals) = postSolution
		SolutionGuid = {56F83A19-8725-4BD9-AF3F-9D63B763EE59}
	EndGlobalSection
EndGlobal
